
Microsoft Visual Studio Solution File, Format Version 12.00
# Visual Studio Version 17
VisualStudioVersion = 17.0.31903.59
MinimumVisualStudioVersion = 10.0.40219.1
Project("{2150E333-8FDC-42A3-9474-1A3956D46DE8}") = "src", "src", "{D6D6D2B4-E15C-4A40-90E6-00A2427E6C03}"
EndProject
Project("{FAE04EC0-301F-11D3-BF4B-00C04F79EFBC}") = "RemoteDesk", "src\RemoteDesk\RemoteDesk.csproj", "{1EA3D839-3722-4913-ADF4-00E5A99086A0}"
EndProject
Project("{2150E333-8FDC-42A3-9474-1A3956D46DE8}") = "tests", "tests", "{E6F84D37-ED6D-4F6D-88A1-5F6199F157F6}"
EndProject
Project("{FAE04EC0-301F-11D3-BF4B-00C04F79EFBC}") = "RemoteDesk.Tests", "tests\RemoteDesk.Tests\RemoteDesk.Tests.csproj", "{26FF7C9F-8384-4B47-8A6F-9E1780012A31}"
EndProject
Global
	GlobalSection(SolutionConfigurationPlatforms) = preSolution
		Debug|Any CPU = Debug|Any CPU
		Release|Any CPU = Release|Any CPU
	EndGlobalSection
	GlobalSection(SolutionProperties) = preSolution
		HideSolutionNode = FALSE
	EndGlobalSection
	GlobalSection(ProjectConfigurationPlatforms) = postSolution
		{1EA3D839-3722-4913-ADF4-00E5A99086A0}.Debug|Any CPU.ActiveCfg = Debug|Any CPU
		{1EA3D839-3722-4913-ADF4-00E5A99086A0}.Debug|Any CPU.Build.0 = Debug|Any CPU
		{1EA3D839-3722-4913-ADF4-00E5A99086A0}.Release|Any CPU.ActiveCfg = Release|Any CPU
		{1EA3D839-3722-4913-ADF4-00E5A99086A0}.Release|Any CPU.Build.0 = Release|Any CPU
		{26FF7C9F-8384-4B47-8A6F-9E1780012A31}.Debug|Any CPU.ActiveCfg = Debug|Any CPU
		{26FF7C9F-8384-4B47-8A6F-9E1780012A31}.Debug|Any CPU.Build.0 = Debug|Any CPU
		{26FF7C9F-8384-4B47-8A6F-9E1780012A31}.Release|Any CPU.ActiveCfg = Release|Any CPU
		{26FF7C9F-8384-4B47-8A6F-9E1780012A31}.Release|Any CPU.Build.0 = Release|Any CPU
	EndGlobalSection
	GlobalSection(NestedProjects) = preSolution
		{1EA3D839-3722-4913-ADF4-00E5A99086A0} = {D6D6D2B4-E15C-4A40-90E6-00A2427E6C03}
		{26FF7C9F-8384-4B47-8A6F-9E1780012A31} = {E6F84D37-ED6D-4F6D-88A1-5F6199F157F6}
	EndGlobalSection
EndGlobal
